// !$*UTF8*$!
{
	archiveVersion = 1;
	classes = {
	};
	objectVersion = 55;
	objects = {

/* Begin PBXBuildFile section */
		FAE981E228B67C6400D9C0AC /* AppDelegate.swift in Sources */ = {isa = PBXBuildFile; fileRef = FAE981E128B67C6400D9C0AC /* AppDelegate.swift */; };
		FAE981EE28B67C6A00D9C0AC /* LaunchScreen.storyboard in Resources */ = {isa = PBXBuildFile; fileRef = FAE981EC28B67C6A00D9C0AC /* LaunchScreen.storyboard */; };
		FAE982B028BAB58100D9C0AC /* data.framework in Frameworks */ = {isa = PBXBuildFile; fileRef = FAE9828A28BAB53400D9C0AC /* data.framework */; };
		FAE982B128BAB58100D9C0AC /* data.framework in Embed Frameworks */ = {isa = PBXBuildFile; fileRef = FAE9828A28BAB53400D9C0AC /* data.framework */; settings = {ATTRIBUTES = (CodeSignOnCopy, RemoveHeadersOnCopy, ); }; };
		FAE982B328BAB58600D9C0AC /* domain.framework in Frameworks */ = {isa = PBXBuildFile; fileRef = FAE982A428BAB54D00D9C0AC /* domain.framework */; };
		FAE982B428BAB58600D9C0AC /* domain.framework in Embed Frameworks */ = {isa = PBXBuildFile; fileRef = FAE982A428BAB54D00D9C0AC /* domain.framework */; settings = {ATTRIBUTES = (CodeSignOnCopy, RemoveHeadersOnCopy, ); }; };
		FAE982B528BAB59000D9C0AC /* presentation.framework in Frameworks */ = {isa = PBXBuildFile; fileRef = FAE9827028BAB50B00D9C0AC /* presentation.framework */; };
		FAE982B628BAB59000D9C0AC /* presentation.framework in Embed Frameworks */ = {isa = PBXBuildFile; fileRef = FAE9827028BAB50B00D9C0AC /* presentation.framework */; settings = {ATTRIBUTES = (CodeSignOnCopy, RemoveHeadersOnCopy, ); }; };
/* End PBXBuildFile section */

/* Begin PBXContainerItemProxy section */
		FAE9826F28BAB50B00D9C0AC /* PBXContainerItemProxy */ = {
			isa = PBXContainerItemProxy;
			containerPortal = FAE9826B28BAB50A00D9C0AC /* presentation.xcodeproj */;
			proxyType = 2;
			remoteGlobalIDString = FAE9826128BAB50A00D9C0AC;
			remoteInfo = presentation;
		};
		FAE9828928BAB53400D9C0AC /* PBXContainerItemProxy */ = {
			isa = PBXContainerItemProxy;
			containerPortal = FAE9828528BAB53300D9C0AC /* data.xcodeproj */;
			proxyType = 2;
			remoteGlobalIDString = FAE9827B28BAB53300D9C0AC;
			remoteInfo = data;
		};
		FAE982A328BAB54D00D9C0AC /* PBXContainerItemProxy */ = {
			isa = PBXContainerItemProxy;
			containerPortal = FAE9829F28BAB54D00D9C0AC /* domain.xcodeproj */;
			proxyType = 2;
			remoteGlobalIDString = FAE9829528BAB54D00D9C0AC;
			remoteInfo = domain;
		};
/* End PBXContainerItemProxy section */

/* Begin PBXCopyFilesBuildPhase section */
		FAE982B228BAB58100D9C0AC /* Embed Frameworks */ = {
			isa = PBXCopyFilesBuildPhase;
			buildActionMask = 2147483647;
			dstPath = "";
			dstSubfolderSpec = 10;
			files = (
				FAE982B628BAB59000D9C0AC /* presentation.framework in Embed Frameworks */,
				FAE982B428BAB58600D9C0AC /* domain.framework in Embed Frameworks */,
				FAE982B128BAB58100D9C0AC /* data.framework in Embed Frameworks */,
			);
			name = "Embed Frameworks";
			runOnlyForDeploymentPostprocessing = 0;
		};
/* End PBXCopyFilesBuildPhase section */

/* Begin PBXFileReference section */
		FAE981DE28B67C6400D9C0AC /* MovieApp.app */ = {isa = PBXFileReference; explicitFileType = wrapper.application; includeInIndex = 0; path = MovieApp.app; sourceTree = BUILT_PRODUCTS_DIR; };
		FAE981E128B67C6400D9C0AC /* AppDelegate.swift */ = {isa = PBXFileReference; lastKnownFileType = sourcecode.swift; path = AppDelegate.swift; sourceTree = "<group>"; };
		FAE981ED28B67C6A00D9C0AC /* Base */ = {isa = PBXFileReference; lastKnownFileType = file.storyboard; name = Base; path = Base.lproj/LaunchScreen.storyboard; sourceTree = "<group>"; };
		FAE981EF28B67C6A00D9C0AC /* Info.plist */ = {isa = PBXFileReference; lastKnownFileType = text.plist.xml; path = Info.plist; sourceTree = "<group>"; };
		FAE9826B28BAB50A00D9C0AC /* presentation.xcodeproj */ = {isa = PBXFileReference; lastKnownFileType = "wrapper.pb-project"; name = presentation.xcodeproj; path = presentation/presentation.xcodeproj; sourceTree = "<group>"; };
		FAE9828528BAB53300D9C0AC /* data.xcodeproj */ = {isa = PBXFileReference; lastKnownFileType = "wrapper.pb-project"; name = data.xcodeproj; path = data/data.xcodeproj; sourceTree = "<group>"; };
		FAE9829F28BAB54D00D9C0AC /* domain.xcodeproj */ = {isa = PBXFileReference; lastKnownFileType = "wrapper.pb-project"; name = domain.xcodeproj; path = domain/domain.xcodeproj; sourceTree = "<group>"; };
/* End PBXFileReference section */

/* Begin PBXFrameworksBuildPhase section */
		FAE981DB28B67C6400D9C0AC /* Frameworks */ = {
			isa = PBXFrameworksBuildPhase;
			buildActionMask = 2147483647;
			files = (
				FAE982B528BAB59000D9C0AC /* presentation.framework in Frameworks */,
				FAE982B328BAB58600D9C0AC /* domain.framework in Frameworks */,
				FAE982B028BAB58100D9C0AC /* data.framework in Frameworks */,
			);
			runOnlyForDeploymentPostprocessing = 0;
		};
/* End PBXFrameworksBuildPhase section */

/* Begin PBXGroup section */
		FAE981D528B67C6400D9C0AC = {
			isa = PBXGroup;
			children = (
				FAE9829F28BAB54D00D9C0AC /* domain.xcodeproj */,
				FAE9828528BAB53300D9C0AC /* data.xcodeproj */,
				FAE9826B28BAB50A00D9C0AC /* presentation.xcodeproj */,
				FAE981E028B67C6400D9C0AC /* MovieApp */,
				FAE981DF28B67C6400D9C0AC /* Products */,
				FAE982AF28BAB58100D9C0AC /* Frameworks */,
			);
			sourceTree = "<group>";
		};
		FAE981DF28B67C6400D9C0AC /* Products */ = {
			isa = PBXGroup;
			children = (
				FAE981DE28B67C6400D9C0AC /* MovieApp.app */,
			);
			name = Products;
			sourceTree = "<group>";
		};
		FAE981E028B67C6400D9C0AC /* MovieApp */ = {
			isa = PBXGroup;
			children = (
				FAE981E128B67C6400D9C0AC /* AppDelegate.swift */,
				FAE981EC28B67C6A00D9C0AC /* LaunchScreen.storyboard */,
				FAE981EF28B67C6A00D9C0AC /* Info.plist */,
			);
			path = MovieApp;
			sourceTree = "<group>";
		};
		FAE9826C28BAB50A00D9C0AC /* Products */ = {
			isa = PBXGroup;
			children = (
				FAE9827028BAB50B00D9C0AC /* presentation.framework */,
			);
			name = Products;
			sourceTree = "<group>";
		};
		FAE9828628BAB53300D9C0AC /* Products */ = {
			isa = PBXGroup;
			children = (
				FAE9828A28BAB53400D9C0AC /* data.framework */,
			);
			name = Products;
			sourceTree = "<group>";
		};
		FAE982A028BAB54D00D9C0AC /* Products */ = {
			isa = PBXGroup;
			children = (
				FAE982A428BAB54D00D9C0AC /* domain.framework */,
			);
			name = Products;
			sourceTree = "<group>";
		};
		FAE982AF28BAB58100D9C0AC /* Frameworks */ = {
			isa = PBXGroup;
			children = (
			);
			name = Frameworks;
			sourceTree = "<group>";
		};
/* End PBXGroup section */

/* Begin PBXNativeTarget section */
		FAE981DD28B67C6400D9C0AC /* MovieApp */ = {
			isa = PBXNativeTarget;
			buildConfigurationList = FAE981F228B67C6A00D9C0AC /* Build configuration list for PBXNativeTarget "MovieApp" */;
			buildPhases = (
				FAE981DA28B67C6400D9C0AC /* Sources */,
				FAE981DB28B67C6400D9C0AC /* Frameworks */,
				FAE981DC28B67C6400D9C0AC /* Resources */,
				FAE982B228BAB58100D9C0AC /* Embed Frameworks */,
			);
			buildRules = (
			);
			dependencies = (
			);
			name = MovieApp;
			productName = MovieApp;
			productReference = FAE981DE28B67C6400D9C0AC /* MovieApp.app */;
			productType = "com.apple.product-type.application";
		};
/* End PBXNativeTarget section */

/* Begin PBXProject section */
		FAE981D628B67C6400D9C0AC /* Project object */ = {
			isa = PBXProject;
			attributes = {
				BuildIndependentTargetsInParallel = 1;
				LastSwiftUpdateCheck = 1340;
				LastUpgradeCheck = 1340;
				TargetAttributes = {
					FAE981DD28B67C6400D9C0AC = {
						CreatedOnToolsVersion = 13.4.1;
					};
				};
			};
			buildConfigurationList = FAE981D928B67C6400D9C0AC /* Build configuration list for PBXProject "MovieApp" */;
			compatibilityVersion = "Xcode 13.0";
			developmentRegion = en;
			hasScannedForEncodings = 0;
			knownRegions = (
				en,
				Base,
			);
			mainGroup = FAE981D528B67C6400D9C0AC;
			productRefGroup = FAE981DF28B67C6400D9C0AC /* Products */;
			projectDirPath = "";
			projectReferences = (
				{
					ProductGroup = FAE9828628BAB53300D9C0AC /* Products */;
					ProjectRef = FAE9828528BAB53300D9C0AC /* data.xcodeproj */;
				},
				{
					ProductGroup = FAE982A028BAB54D00D9C0AC /* Products */;
					ProjectRef = FAE9829F28BAB54D00D9C0AC /* domain.xcodeproj */;
				},
				{
					ProductGroup = FAE9826C28BAB50A00D9C0AC /* Products */;
					ProjectRef = FAE9826B28BAB50A00D9C0AC /* presentation.xcodeproj */;
				},
			);
			projectRoot = "";
			targets = (
				FAE981DD28B67C6400D9C0AC /* MovieApp */,
			);
		};
/* End PBXProject section */

/* Begin PBXReferenceProxy section */
		FAE9827028BAB50B00D9C0AC /* presentation.framework */ = {
			isa = PBXReferenceProxy;
			fileType = wrapper.framework;
			path = presentation.framework;
			remoteRef = FAE9826F28BAB50B00D9C0AC /* PBXContainerItemProxy */;
			sourceTree = BUILT_PRODUCTS_DIR;
		};
		FAE9828A28BAB53400D9C0AC /* data.framework */ = {
			isa = PBXReferenceProxy;
			fileType = wrapper.framework;
			path = data.framework;
			remoteRef = FAE9828928BAB53400D9C0AC /* PBXContainerItemProxy */;
			sourceTree = BUILT_PRODUCTS_DIR;
		};
		FAE982A428BAB54D00D9C0AC /* domain.framework */ = {
			isa = PBXReferenceProxy;
			fileType = wrapper.framework;
			path = domain.framework;
			remoteRef = FAE982A328BAB54D00D9C0AC /* PBXContainerItemProxy */;
			sourceTree = BUILT_PRODUCTS_DIR;
		};
/* End PBXReferenceProxy section */

/* Begin PBXResourcesBuildPhase section */
		FAE981DC28B67C6400D9C0AC /* Resources */ = {
			isa = PBXResourcesBuildPhase;
			buildActionMask = 2147483647;
			files = (
				FAE981EE28B67C6A00D9C0AC /* LaunchScreen.storyboard in Resources */,
			);
			runOnlyForDeploymentPostprocessing = 0;
		};
/* End PBXResourcesBuildPhase section */

/* Begin PBXSourcesBuildPhase section */
		FAE981DA28B67C6400D9C0AC /* Sources */ = {
			isa = PBXSourcesBuildPhase;
			buildActionMask = 2147483647;
			files = (
				FAE981E228B67C6400D9C0AC /* AppDelegate.swift in Sources */,
			);
			runOnlyForDeploymentPostprocessing = 0;
		};
/* End PBXSourcesBuildPhase section */

/* Begin PBXVariantGroup section */
		FAE981EC28B67C6A00D9C0AC /* LaunchScreen.storyboard */ = {
			isa = PBXVariantGroup;
			children = (
				FAE981ED28B67C6A00D9C0AC /* Base */,
			);
			name = LaunchScreen.storyboard;
			sourceTree = "<group>";
		};
/* End PBXVariantGroup section */

/* Begin XCBuildConfiguration section */
		FAE981F028B67C6A00D9C0AC /* Debug */ = {
			isa = XCBuildConfiguration;
			buildSettings = {
				ALWAYS_SEARCH_USER_PATHS = NO;
				CLANG_ANALYZER_NONNULL = YES;
				CLANG_ANALYZER_NUMBER_OBJECT_CONVERSION = YES_AGGRESSIVE;
				CLANG_CXX_LANGUAGE_STANDARD = "gnu++17";
				CLANG_ENABLE_MODULES = YES;
				CLANG_ENABLE_OBJC_ARC = YES;
				CLANG_ENABLE_OBJC_WEAK = YES;
				CLANG_WARN_BLOCK_CAPTURE_AUTORELEASING = YES;
				CLANG_WARN_BOOL_CONVERSION = YES;
				CLANG_WARN_COMMA = YES;
				CLANG_WARN_CONSTANT_CONVERSION = YES;
				CLANG_WARN_DEPRECATED_OBJC_IMPLEMENTATIONS = YES;
				CLANG_WARN_DIRECT_OBJC_ISA_USAGE = YES_ERROR;
				CLANG_WARN_DOCUMENTATION_COMMENTS = YES;
				CLANG_WARN_EMPTY_BODY = YES;
				CLANG_WARN_ENUM_CONVERSION = YES;
				CLANG_WARN_INFINITE_RECURSION = YES;
				CLANG_WARN_INT_CONVERSION = YES;
				CLANG_WARN_NON_LITERAL_NULL_CONVERSION = YES;
				CLANG_WARN_OBJC_IMPLICIT_RETAIN_SELF = YES;
				CLANG_WARN_OBJC_LITERAL_CONVERSION = YES;
				CLANG_WARN_OBJC_ROOT_CLASS = YES_ERROR;
				CLANG_WARN_QUOTED_INCLUDE_IN_FRAMEWORK_HEADER = YES;
				CLANG_WARN_RANGE_LOOP_ANALYSIS = YES;
				CLANG_WARN_STRICT_PROTOTYPES = YES;
				CLANG_WARN_SUSPICIOUS_MOVE = YES;
				CLANG_WARN_UNGUARDED_AVAILABILITY = YES_AGGRESSIVE;
				CLANG_WARN_UNREACHABLE_CODE = YES;
				CLANG_WARN__DUPLICATE_METHOD_MATCH = YES;
				COPY_PHASE_STRIP = NO;
				DEBUG_INFORMATION_FORMAT = dwarf;
				ENABLE_STRICT_OBJC_MSGSEND = YES;
				ENABLE_TESTABILITY = YES;
				GCC_C_LANGUAGE_STANDARD = gnu11;
				GCC_DYNAMIC_NO_PIC = NO;
				GCC_NO_COMMON_BLOCKS = YES;
				GCC_OPTIMIZATION_LEVEL = 0;
				GCC_PREPROCESSOR_DEFINITIONS = (
					"DEBUG=1",
					"$(inherited)",
				);
				GCC_WARN_64_TO_32_BIT_CONVERSION = YES;
				GCC_WARN_ABOUT_RETURN_TYPE = YES_ERROR;
				GCC_WARN_UNDECLARED_SELECTOR = YES;
				GCC_WARN_UNINITIALIZED_AUTOS = YES_AGGRESSIVE;
				GCC_WARN_UNUSED_FUNCTION = YES;
				GCC_WARN_UNUSED_VARIABLE = YES;
				IPHONEOS_DEPLOYMENT_TARGET = 15.5;
				MTL_ENABLE_DEBUG_INFO = INCLUDE_SOURCE;
				MTL_FAST_MATH = YES;
				ONLY_ACTIVE_ARCH = YES;
				SDKROOT = iphoneos;
				SWIFT_ACTIVE_COMPILATION_CONDITIONS = DEBUG;
				SWIFT_OPTIMIZATION_LEVEL = "-Onone";
			};
			name = Debug;
		};
		FAE981F128B67C6A00D9C0AC /* Release */ = {
			isa = XCBuildConfiguration;
			buildSettings = {
				ALWAYS_SEARCH_USER_PATHS = NO;
				CLANG_ANALYZER_NONNULL = YES;
				CLANG_ANALYZER_NUMBER_OBJECT_CONVERSION = YES_AGGRESSIVE;
				CLANG_CXX_LANGUAGE_STANDARD = "gnu++17";
				CLANG_ENABLE_MODULES = YES;
				CLANG_ENABLE_OBJC_ARC = YES;
				CLANG_ENABLE_OBJC_WEAK = YES;
				CLANG_WARN_BLOCK_CAPTURE_AUTORELEASING = YES;
				CLANG_WARN_BOOL_CONVERSION = YES;
				CLANG_WARN_COMMA = YES;
				CLANG_WARN_CONSTANT_CONVERSION = YES;
				CLANG_WARN_DEPRECATED_OBJC_IMPLEMENTATIONS = YES;
				CLANG_WARN_DIRECT_OBJC_ISA_USAGE = YES_ERROR;
				CLANG_WARN_DOCUMENTATION_COMMENTS = YES;
				CLANG_WARN_EMPTY_BODY = YES;
				CLANG_WARN_ENUM_CONVERSION = YES;
				CLANG_WARN_INFINITE_RECURSION = YES;
				CLANG_WARN_INT_CONVERSION = YES;
				CLANG_WARN_NON_LITERAL_NULL_CONVERSION = YES;
				CLANG_WARN_OBJC_IMPLICIT_RETAIN_SELF = YES;
				CLANG_WARN_OBJC_LITERAL_CONVERSION = YES;
				CLANG_WARN_OBJC_ROOT_CLASS = YES_ERROR;
				CLANG_WARN_QUOTED_INCLUDE_IN_FRAMEWORK_HEADER = YES;
				CLANG_WARN_RANGE_LOOP_ANALYSIS = YES;
				CLANG_WARN_STRICT_PROTOTYPES = YES;
				CLANG_WARN_SUSPICIOUS_MOVE = YES;
				CLANG_WARN_UNGUARDED_AVAILABILITY = YES_AGGRESSIVE;
				CLANG_WARN_UNREACHABLE_CODE = YES;
				CLANG_WARN__DUPLICATE_METHOD_MATCH = YES;
				COPY_PHASE_STRIP = NO;
				DEBUG_INFORMATION_FORMAT = "dwarf-with-dsym";
				ENABLE_NS_ASSERTIONS = NO;
				ENABLE_STRICT_OBJC_MSGSEND = YES;
				GCC_C_LANGUAGE_STANDARD = gnu11;
				GCC_NO_COMMON_BLOCKS = YES;
				GCC_WARN_64_TO_32_BIT_CONVERSION = YES;
				GCC_WARN_ABOUT_RETURN_TYPE = YES_ERROR;
				GCC_WARN_UNDECLARED_SELECTOR = YES;
				GCC_WARN_UNINITIALIZED_AUTOS = YES_AGGRESSIVE;
				GCC_WARN_UNUSED_FUNCTION = YES;
				GCC_WARN_UNUSED_VARIABLE = YES;
				IPHONEOS_DEPLOYMENT_TARGET = 15.5;
				MTL_ENABLE_DEBUG_INFO = NO;
				MTL_FAST_MATH = YES;
				SDKROOT = iphoneos;
				SWIFT_COMPILATION_MODE = wholemodule;
				SWIFT_OPTIMIZATION_LEVEL = "-O";
				VALIDATE_PRODUCT = YES;
			};
			name = Release;
		};
		FAE981F328B67C6A00D9C0AC /* Debug */ = {
			isa = XCBuildConfiguration;
			buildSettings = {
				ASSETCATALOG_COMPILER_APPICON_NAME = AppIcon;
				ASSETCATALOG_COMPILER_GLOBAL_ACCENT_COLOR_NAME = AccentColor;
				ASSETCATALOG_COMPILER_INCLUDE_ALL_APPICON_ASSETS = NO;
				CODE_SIGN_STYLE = Automatic;
				CURRENT_PROJECT_VERSION = 1;
				DEVELOPMENT_TEAM = MR7SS87JZ2;
				GENERATE_INFOPLIST_FILE = YES;
				INFOPLIST_FILE = MovieApp/Info.plist;
				INFOPLIST_KEY_UIApplicationSupportsIndirectInputEvents = YES;
				INFOPLIST_KEY_UILaunchStoryboardName = LaunchScreen;
				INFOPLIST_KEY_UISupportedInterfaceOrientations_iPad = "UIInterfaceOrientationPortrait UIInterfaceOrientationPortraitUpsideDown UIInterfaceOrientationLandscapeLeft UIInterfaceOrientationLandscapeRight";
				INFOPLIST_KEY_UISupportedInterfaceOrientations_iPhone = "UIInterfaceOrientationPortrait UIInterfaceOrientationLandscapeLeft UIInterfaceOrientationLandscapeRight";
				LD_RUNPATH_SEARCH_PATHS = (
					"$(inherited)",
					"@executable_path/Frameworks",
				);
				MARKETING_VERSION = 1.0;
				PRODUCT_BUNDLE_IDENTIFIER = ios2022.MovieApp;
				PRODUCT_NAME = "$(TARGET_NAME)";
				SWIFT_EMIT_LOC_STRINGS = YES;
				SWIFT_VERSION = 5.0;
				TARGETED_DEVICE_FAMILY = "1,2";
			};
			name = Debug;
		};
		FAE981F428B67C6A00D9C0AC /* Release */ = {
			isa = XCBuildConfiguration;
			buildSettings = {
				ASSETCATALOG_COMPILER_APPICON_NAME = AppIcon;
				ASSETCATALOG_COMPILER_GLOBAL_ACCENT_COLOR_NAME = AccentColor;
				ASSETCATALOG_COMPILER_INCLUDE_ALL_APPICON_ASSETS = NO;
				CODE_SIGN_STYLE = Automatic;
				CURRENT_PROJECT_VERSION = 1;
				DEVELOPMENT_TEAM = MR7SS87JZ2;
				GENERATE_INFOPLIST_FILE = YES;
				INFOPLIST_FILE = MovieApp/Info.plist;
				INFOPLIST_KEY_UIApplicationSupportsIndirectInputEvents = YES;
				INFOPLIST_KEY_UILaunchStoryboardName = LaunchScreen;
				INFOPLIST_KEY_UISupportedInterfaceOrientations_iPad = "UIInterfaceOrientationPortrait UIInterfaceOrientationPortraitUpsideDown UIInterfaceOrientationLandscapeLeft UIInterfaceOrientationLandscapeRight";
				INFOPLIST_KEY_UISupportedInterfaceOrientations_iPhone = "UIInterfaceOrientationPortrait UIInterfaceOrientationLandscapeLeft UIInterfaceOrientationLandscapeRight";
				LD_RUNPATH_SEARCH_PATHS = (
					"$(inherited)",
					"@executable_path/Frameworks",
				);
				MARKETING_VERSION = 1.0;
				PRODUCT_BUNDLE_IDENTIFIER = ios2022.MovieApp;
				PRODUCT_NAME = "$(TARGET_NAME)";
				SWIFT_EMIT_LOC_STRINGS = YES;
				SWIFT_VERSION = 5.0;
				TARGETED_DEVICE_FAMILY = "1,2";
			};
			name = Release;
		};
/* End XCBuildConfiguration section */

/* Begin XCConfigurationList section */
		FAE981D928B67C6400D9C0AC /* Build configuration list for PBXProject "MovieApp" */ = {
			isa = XCConfigurationList;
			buildConfigurations = (
				FAE981F028B67C6A00D9C0AC /* Debug */,
				FAE981F128B67C6A00D9C0AC /* Release */,
			);
			defaultConfigurationIsVisible = 0;
			defaultConfigurationName = Release;
		};
		FAE981F228B67C6A00D9C0AC /* Build configuration list for PBXNativeTarget "MovieApp" */ = {
			isa = XCConfigurationList;
			buildConfigurations = (
				FAE981F328B67C6A00D9C0AC /* Debug */,
				FAE981F428B67C6A00D9C0AC /* Release */,
			);
			defaultConfigurationIsVisible = 0;
			defaultConfigurationName = Release;
		};
/* End XCConfigurationList section */
	};
	rootObject = FAE981D628B67C6400D9C0AC /* Project object */;
}
